
Microsoft Visual Studio Solution File, Format Version 12.00
# Visual Studio Version 17
VisualStudioVersion = 17.3.32929.385
MinimumVisualStudioVersion = 10.0.40219.1
Project("{FAE04EC0-301F-11D3-BF4B-00C04F79EFBC}") = "Coba", "Coba.csproj", "{AF14D292-4D6D-4237-8304-9873D05DFCEA}"
EndProject
Global
	GlobalSection(SolutionConfigurationPlatforms) = preSolution
		Debug|Any CPU = Debug|Any CPU
		Release|Any CPU = Release|Any CPU
	EndGlobalSection
	GlobalSection(ProjectConfigurationPlatforms) = postSolution
		{AF14D292-4D6D-4237-8304-9873D05DFCEA}.Debug|Any CPU.ActiveCfg = Debug|Any CPU
		{AF14D292-4D6D-4237-8304-9873D05DFCEA}.Debug|Any CPU.Build.0 = Debug|Any CPU
		{AF14D292-4D6D-4237-8304-9873D05DFCEA}.Release|Any CPU.ActiveCfg = Release|Any CPU
		{AF14D292-4D6D-4237-8304-9873D05DFCEA}.Release|Any CPU.Build.0 = Release|Any CPU
	EndGlobalSection
	GlobalSection(SolutionProperties) = preSolution
		HideSolutionNode = FALSE
	EndGlobalSection
	GlobalSection(ExtensibilityGlobals) = postSolution
		SolutionGuid = {4F5C0A75-75FD-4A53-B5CB-D8DE190F0394}
	EndGlobalSection
EndGlobal
